<?xml version="1.0" encoding="utf-8"?>
<Project ToolsVersion="4.0" xmlns="http://schemas.microsoft.com/developer/msbuild/2003">
  <ItemGroup>
    <CustomBuild Include="..\..\Libs\CMakeLists.txt" />
    <CustomBuild Include="..\CMakeFiles\1cde32e237c1d9252541785d2dd1b215\ALL_BUILD.rule">
      <Filter>CMake Rules</Filter>
    </CustomBuild>
  </ItemGroup>
  <ItemGroup>
    <None Include="CMakeFiles\ALL_BUILD" />
  </ItemGroup>
  <ItemGroup>
    <Filter Include="CMake Rules">
      <UniqueIdentifier>{481076F1-6EFC-4258-85B6-A375C9A25EAA}</UniqueIdentifier>
    </Filter>
  </ItemGroup>
</Project>
